
Microsoft Visual Studio Solution File, Format Version 12.00
# Visual Studio Version 17
VisualStudioVersion = 17.9.34622.214
MinimumVisualStudioVersion = 10.0.40219.1
Project("{9A19103F-16F7-4668-BE54-9A1E7A4F7556}") = "Certyfikacja podstawy", "Certyfikacja podstawy\Certyfikacja podstawy.csproj", "{86164C77-D728-425E-B4F6-67598E82EFF6}"
EndProject
Project("{FAE04EC0-301F-11D3-BF4B-00C04F79EFBC}") = "Footballer.Tests", "Footballer.Tests\Footballer.Tests.csproj", "{7A148635-48C8-4C04-9770-5AFD0D27AC61}"
EndProject
Global
	GlobalSection(SolutionConfigurationPlatforms) = preSolution
		Debug|Any CPU = Debug|Any CPU
		Release|Any CPU = Release|Any CPU
	EndGlobalSection
	GlobalSection(ProjectConfigurationPlatforms) = postSolution
		{86164C77-D728-425E-B4F6-67598E82EFF6}.Debug|Any CPU.ActiveCfg = Debug|Any CPU
		{86164C77-D728-425E-B4F6-67598E82EFF6}.Debug|Any CPU.Build.0 = Debug|Any CPU
		{86164C77-D728-425E-B4F6-67598E82EFF6}.Release|Any CPU.ActiveCfg = Release|Any CPU
		{86164C77-D728-425E-B4F6-67598E82EFF6}.Release|Any CPU.Build.0 = Release|Any CPU
		{7A148635-48C8-4C04-9770-5AFD0D27AC61}.Debug|Any CPU.ActiveCfg = Debug|Any CPU
		{7A148635-48C8-4C04-9770-5AFD0D27AC61}.Debug|Any CPU.Build.0 = Debug|Any CPU
		{7A148635-48C8-4C04-9770-5AFD0D27AC61}.Release|Any CPU.ActiveCfg = Release|Any CPU
		{7A148635-48C8-4C04-9770-5AFD0D27AC61}.Release|Any CPU.Build.0 = Release|Any CPU
	EndGlobalSection
	GlobalSection(SolutionProperties) = preSolution
		HideSolutionNode = FALSE
	EndGlobalSection
	GlobalSection(ExtensibilityGlobals) = postSolution
		SolutionGuid = {88EA547A-F7D7-42E1-BFE7-ACF0881B18FC}
	EndGlobalSection
EndGlobal
